
Microsoft Visual Studio Solution File, Format Version 12.00
# Visual Studio Version 16
VisualStudioVersion = 16.0.31605.320
MinimumVisualStudioVersion = 10.0.40219.1
Project("{FAE04EC0-301F-11D3-BF4B-00C04F79EFBC}") = "SchoolManagement", "SchoolManagement\SchoolManagement.csproj", "{684394E0-D96C-4A64-A455-5BD8C7F9E2DC}"
EndProject
Project("{FAE04EC0-301F-11D3-BF4B-00C04F79EFBC}") = "Data", "Data\Data.csproj", "{15A3FB0A-69B1-4783-81FA-179EC5A649EF}"
EndProject
Project("{FAE04EC0-301F-11D3-BF4B-00C04F79EFBC}") = "Admin", "Admin\Admin.csproj", "{B1A97D7A-8F98-4AD4-BB81-B9044C0B1E18}"
EndProject
Global
	GlobalSection(SolutionConfigurationPlatforms) = preSolution
		Debug|Any CPU = Debug|Any CPU
		Release|Any CPU = Release|Any CPU
	EndGlobalSection
	GlobalSection(ProjectConfigurationPlatforms) = postSolution
		{684394E0-D96C-4A64-A455-5BD8C7F9E2DC}.Debug|Any CPU.ActiveCfg = Debug|Any CPU
		{684394E0-D96C-4A64-A455-5BD8C7F9E2DC}.Debug|Any CPU.Build.0 = Debug|Any CPU
		{684394E0-D96C-4A64-A455-5BD8C7F9E2DC}.Release|Any CPU.ActiveCfg = Release|Any CPU
		{684394E0-D96C-4A64-A455-5BD8C7F9E2DC}.Release|Any CPU.Build.0 = Release|Any CPU
		{15A3FB0A-69B1-4783-81FA-179EC5A649EF}.Debug|Any CPU.ActiveCfg = Debug|Any CPU
		{15A3FB0A-69B1-4783-81FA-179EC5A649EF}.Debug|Any CPU.Build.0 = Debug|Any CPU
		{15A3FB0A-69B1-4783-81FA-179EC5A649EF}.Release|Any CPU.ActiveCfg = Release|Any CPU
		{15A3FB0A-69B1-4783-81FA-179EC5A649EF}.Release|Any CPU.Build.0 = Release|Any CPU
		{B1A97D7A-8F98-4AD4-BB81-B9044C0B1E18}.Debug|Any CPU.ActiveCfg = Debug|Any CPU
		{B1A97D7A-8F98-4AD4-BB81-B9044C0B1E18}.Debug|Any CPU.Build.0 = Debug|Any CPU
		{B1A97D7A-8F98-4AD4-BB81-B9044C0B1E18}.Release|Any CPU.ActiveCfg = Release|Any CPU
		{B1A97D7A-8F98-4AD4-BB81-B9044C0B1E18}.Release|Any CPU.Build.0 = Release|Any CPU
	EndGlobalSection
	GlobalSection(SolutionProperties) = preSolution
		HideSolutionNode = FALSE
	EndGlobalSection
	GlobalSection(ExtensibilityGlobals) = postSolution
		SolutionGuid = {9073D1ED-ECE9-4485-BF42-517E835D73AB}
	EndGlobalSection
EndGlobal
